
Microsoft Visual Studio Solution File, Format Version 12.00
# Visual Studio 15
VisualStudioVersion = 15.0.28307.852
MinimumVisualStudioVersion = 10.0.40219.1
Project("{FAE04EC0-301F-11D3-BF4B-00C04F79EFBC}") = "CapaLogica", "CapaLogica\CapaLogica.csproj", "{F417163B-D1D3-41F6-AB44-DBEB36539870}"
EndProject
Project("{FAE04EC0-301F-11D3-BF4B-00C04F79EFBC}") = "CapaPresentacion", "CapaPresentacion\CapaPresentacion.csproj", "{33E14990-DE6E-4C62-93AA-3081535DABA1}"
EndProject
Global
	GlobalSection(SolutionConfigurationPlatforms) = preSolution
		Debug|Any CPU = Debug|Any CPU
		Release|Any CPU = Release|Any CPU
	EndGlobalSection
	GlobalSection(ProjectConfigurationPlatforms) = postSolution
		{F417163B-D1D3-41F6-AB44-DBEB36539870}.Debug|Any CPU.ActiveCfg = Debug|Any CPU
		{F417163B-D1D3-41F6-AB44-DBEB36539870}.Debug|Any CPU.Build.0 = Debug|Any CPU
		{F417163B-D1D3-41F6-AB44-DBEB36539870}.Release|Any CPU.ActiveCfg = Release|Any CPU
		{F417163B-D1D3-41F6-AB44-DBEB36539870}.Release|Any CPU.Build.0 = Release|Any CPU
		{33E14990-DE6E-4C62-93AA-3081535DABA1}.Debug|Any CPU.ActiveCfg = Debug|Any CPU
		{33E14990-DE6E-4C62-93AA-3081535DABA1}.Debug|Any CPU.Build.0 = Debug|Any CPU
		{33E14990-DE6E-4C62-93AA-3081535DABA1}.Release|Any CPU.ActiveCfg = Release|Any CPU
		{33E14990-DE6E-4C62-93AA-3081535DABA1}.Release|Any CPU.Build.0 = Release|Any CPU
	EndGlobalSection
	GlobalSection(SolutionProperties) = preSolution
		HideSolutionNode = FALSE
	EndGlobalSection
	GlobalSection(ExtensibilityGlobals) = postSolution
		SolutionGuid = {809F52D9-0E35-4603-8884-494C365C09D7}
	EndGlobalSection
EndGlobal
